
Microsoft Visual Studio Solution File, Format Version 12.00
# Visual Studio Version 17
VisualStudioVersion = 17.8.34408.163
MinimumVisualStudioVersion = 10.0.40219.1
Project("{FAE04EC0-301F-11D3-BF4B-00C04F79EFBC}") = "Mission 2", "Mission 2.csproj", "{8D1B8021-89D2-4853-B68A-4C1FF708C7CD}"
EndProject
Global
	GlobalSection(SolutionConfigurationPlatforms) = preSolution
		Debug|Any CPU = Debug|Any CPU
		Release|Any CPU = Release|Any CPU
	EndGlobalSection
	GlobalSection(ProjectConfigurationPlatforms) = postSolution
		{8D1B8021-89D2-4853-B68A-4C1FF708C7CD}.Debug|Any CPU.ActiveCfg = Debug|Any CPU
		{8D1B8021-89D2-4853-B68A-4C1FF708C7CD}.Debug|Any CPU.Build.0 = Debug|Any CPU
		{8D1B8021-89D2-4853-B68A-4C1FF708C7CD}.Release|Any CPU.ActiveCfg = Release|Any CPU
		{8D1B8021-89D2-4853-B68A-4C1FF708C7CD}.Release|Any CPU.Build.0 = Release|Any CPU
	EndGlobalSection
	GlobalSection(SolutionProperties) = preSolution
		HideSolutionNode = FALSE
	EndGlobalSection
	GlobalSection(ExtensibilityGlobals) = postSolution
		SolutionGuid = {74ED40C7-A219-4F35-8BC9-95794FDDBDAD}
	EndGlobalSection
EndGlobal
